
Microsoft Visual Studio Solution File, Format Version 12.00
# Visual Studio Version 17
VisualStudioVersion = 17.8.34330.188
MinimumVisualStudioVersion = 10.0.40219.1
Project("{FAE04EC0-301F-11D3-BF4B-00C04F79EFBC}") = "ApiUsers", "ApiUsers\ApiUsers.csproj", "{2545B466-DE02-4ABB-A5C7-1DCDA072D6BA}"
EndProject
Project("{FAE04EC0-301F-11D3-BF4B-00C04F79EFBC}") = "APITest", "APITest\APITest.csproj", "{23224721-8BC3-4968-B21F-451F637FD74B}"
EndProject
Global
	GlobalSection(SolutionConfigurationPlatforms) = preSolution
		Debug|Any CPU = Debug|Any CPU
		Release|Any CPU = Release|Any CPU
	EndGlobalSection
	GlobalSection(ProjectConfigurationPlatforms) = postSolution
		{2545B466-DE02-4ABB-A5C7-1DCDA072D6BA}.Debug|Any CPU.ActiveCfg = Debug|Any CPU
		{2545B466-DE02-4ABB-A5C7-1DCDA072D6BA}.Debug|Any CPU.Build.0 = Debug|Any CPU
		{2545B466-DE02-4ABB-A5C7-1DCDA072D6BA}.Release|Any CPU.ActiveCfg = Release|Any CPU
		{2545B466-DE02-4ABB-A5C7-1DCDA072D6BA}.Release|Any CPU.Build.0 = Release|Any CPU
		{23224721-8BC3-4968-B21F-451F637FD74B}.Debug|Any CPU.ActiveCfg = Debug|Any CPU
		{23224721-8BC3-4968-B21F-451F637FD74B}.Debug|Any CPU.Build.0 = Debug|Any CPU
		{23224721-8BC3-4968-B21F-451F637FD74B}.Release|Any CPU.ActiveCfg = Release|Any CPU
		{23224721-8BC3-4968-B21F-451F637FD74B}.Release|Any CPU.Build.0 = Release|Any CPU
	EndGlobalSection
	GlobalSection(SolutionProperties) = preSolution
		HideSolutionNode = FALSE
	EndGlobalSection
	GlobalSection(ExtensibilityGlobals) = postSolution
		SolutionGuid = {2603B03F-1446-4C07-90E1-7DB26454E190}
	EndGlobalSection
EndGlobal
